
Microsoft Visual Studio Solution File, Format Version 12.00
# Visual Studio Version 16
VisualStudioVersion = 16.0.30114.105
MinimumVisualStudioVersion = 10.0.40219.1
Project("{FAE04EC0-301F-11D3-BF4B-00C04F79EFBC}") = "BcsFocus.API", "BcsFocus.API\BcsFocus.API.csproj", "{5B1E8418-934B-4429-AE79-01F9B66D65F8}"
EndProject
Project("{FAE04EC0-301F-11D3-BF4B-00C04F79EFBC}") = "BcsFocus.API.Test", "BcsFocus.API.Test\BcsFocus.API.Test.csproj", "{34E6D0DB-6F95-4D07-ADA5-820FF001813D}"
EndProject
Global
	GlobalSection(SolutionConfigurationPlatforms) = preSolution
		Debug|Any CPU = Debug|Any CPU
		Release|Any CPU = Release|Any CPU
	EndGlobalSection
	GlobalSection(SolutionProperties) = preSolution
		HideSolutionNode = FALSE
	EndGlobalSection
	GlobalSection(ProjectConfigurationPlatforms) = postSolution
		{5B1E8418-934B-4429-AE79-01F9B66D65F8}.Debug|Any CPU.ActiveCfg = Debug|Any CPU
		{5B1E8418-934B-4429-AE79-01F9B66D65F8}.Debug|Any CPU.Build.0 = Debug|Any CPU
		{5B1E8418-934B-4429-AE79-01F9B66D65F8}.Release|Any CPU.ActiveCfg = Release|Any CPU
		{5B1E8418-934B-4429-AE79-01F9B66D65F8}.Release|Any CPU.Build.0 = Release|Any CPU
		{34E6D0DB-6F95-4D07-ADA5-820FF001813D}.Debug|Any CPU.ActiveCfg = Debug|Any CPU
		{34E6D0DB-6F95-4D07-ADA5-820FF001813D}.Debug|Any CPU.Build.0 = Debug|Any CPU
		{34E6D0DB-6F95-4D07-ADA5-820FF001813D}.Release|Any CPU.ActiveCfg = Release|Any CPU
		{34E6D0DB-6F95-4D07-ADA5-820FF001813D}.Release|Any CPU.Build.0 = Release|Any CPU
	EndGlobalSection
EndGlobal
